
Microsoft Visual Studio Solution File, Format Version 9.00
# Visual Studio 2005
Project("{8BC9CEB8-8B4A-11D0-8D11-00A0C91BC942}") = "clgAnalyzer", "clgAnalyzer\clgAnalyzer.vcproj", "{BE8CE189-DE7B-40EE-99BF-8F569794FA69}"
EndProject
Global
	GlobalSection(SolutionConfigurationPlatforms) = preSolution
		Debug|Win32 = Debug|Win32
		Release|Win32 = Release|Win32
	EndGlobalSection
	GlobalSection(ProjectConfigurationPlatforms) = postSolution
		{BE8CE189-DE7B-40EE-99BF-8F569794FA69}.Debug|Win32.ActiveCfg = Debug|Win32
		{BE8CE189-DE7B-40EE-99BF-8F569794FA69}.Debug|Win32.Build.0 = Debug|Win32
		{BE8CE189-DE7B-40EE-99BF-8F569794FA69}.Release|Win32.ActiveCfg = Release|Win32
		{BE8CE189-DE7B-40EE-99BF-8F569794FA69}.Release|Win32.Build.0 = Release|Win32
	EndGlobalSection
	GlobalSection(SolutionProperties) = preSolution
		HideSolutionNode = FALSE
	EndGlobalSection
EndGlobal
