
Microsoft Visual Studio Solution File, Format Version 10.00
# Visual Studio 2008
Project("{2150E333-8FDC-42A3-9474-1A3956D46DE8}") = "Solution Items", "Solution Items", "{DA3EC327-3F1A-465B-9E31-9856894D3B15}"
	ProjectSection(SolutionItems) = preProject
		crashps.cpp = crashps.cpp
		stdafx.cpp = stdafx.cpp
		stdafx.h = stdafx.h
	EndProjectSection
EndProject
Global
	GlobalSection(SolutionProperties) = preSolution
		HideSolutionNode = FALSE
	EndGlobalSection
EndGlobal
